
Microsoft Visual Studio Solution File, Format Version 12.00
# Visual Studio Version 17
VisualStudioVersion = 17.2.32616.157
MinimumVisualStudioVersion = 10.0.40219.1
Project("{2150E333-8FDC-42A3-9474-1A3956D46DE8}") = "Services", "Services", "{2D45CDA5-C468-4329-930D-D5109C956281}"
EndProject
Project("{2150E333-8FDC-42A3-9474-1A3956D46DE8}") = "Catalog", "Catalog", "{6152CA13-EC32-4CFB-9C05-B59444EF4C59}"
EndProject
Project("{FAE04EC0-301F-11D3-BF4B-00C04F79EFBC}") = "Catalog.API", "Services\Catalog\Catalog.API\Catalog.API.csproj", "{AEE94C28-27F0-43D9-B8D5-80023FA66D86}"
EndProject
Project("{E53339B2-1760-4266-BCC7-CA923CBCF16C}") = "docker-compose", "docker-compose.dcproj", "{FE228768-2520-481E-92AD-E623B2DA4CDD}"
EndProject
Global
	GlobalSection(SolutionConfigurationPlatforms) = preSolution
		Debug|Any CPU = Debug|Any CPU
		Release|Any CPU = Release|Any CPU
	EndGlobalSection
	GlobalSection(ProjectConfigurationPlatforms) = postSolution
		{AEE94C28-27F0-43D9-B8D5-80023FA66D86}.Debug|Any CPU.ActiveCfg = Debug|Any CPU
		{AEE94C28-27F0-43D9-B8D5-80023FA66D86}.Debug|Any CPU.Build.0 = Debug|Any CPU
		{AEE94C28-27F0-43D9-B8D5-80023FA66D86}.Release|Any CPU.ActiveCfg = Release|Any CPU
		{AEE94C28-27F0-43D9-B8D5-80023FA66D86}.Release|Any CPU.Build.0 = Release|Any CPU
		{FE228768-2520-481E-92AD-E623B2DA4CDD}.Debug|Any CPU.ActiveCfg = Debug|Any CPU
		{FE228768-2520-481E-92AD-E623B2DA4CDD}.Debug|Any CPU.Build.0 = Debug|Any CPU
		{FE228768-2520-481E-92AD-E623B2DA4CDD}.Release|Any CPU.ActiveCfg = Release|Any CPU
		{FE228768-2520-481E-92AD-E623B2DA4CDD}.Release|Any CPU.Build.0 = Release|Any CPU
	EndGlobalSection
	GlobalSection(SolutionProperties) = preSolution
		HideSolutionNode = FALSE
	EndGlobalSection
	GlobalSection(NestedProjects) = preSolution
		{6152CA13-EC32-4CFB-9C05-B59444EF4C59} = {2D45CDA5-C468-4329-930D-D5109C956281}
		{AEE94C28-27F0-43D9-B8D5-80023FA66D86} = {6152CA13-EC32-4CFB-9C05-B59444EF4C59}
	EndGlobalSection
	GlobalSection(ExtensibilityGlobals) = postSolution
		SolutionGuid = {B5C2DFE9-A8AE-40B9-BDCC-F79CFDDDC8DD}
	EndGlobalSection
EndGlobal
